
Microsoft Visual Studio Solution File, Format Version 12.00
# Visual Studio Version 17
VisualStudioVersion = 17.14.36212.18 d17.14
MinimumVisualStudioVersion = 10.0.40219.1
Project("{FAE04EC0-301F-11D3-BF4B-00C04F79EFBC}") = "AuthenticationApi.Domain", "AuthenticationApi.Domain\AuthenticationApi.Domain.csproj", "{2A54389C-DC0F-4E19-A47D-9C1B48A4EC3F}"
EndProject
Project("{FAE04EC0-301F-11D3-BF4B-00C04F79EFBC}") = "AuthenticationApi.Application", "AuthenticationApi.Application\AuthenticationApi.Application.csproj", "{C9619122-4A28-4EB7-B8BC-9970E73729CC}"
EndProject
Project("{FAE04EC0-301F-11D3-BF4B-00C04F79EFBC}") = "AuthenticationApi.Infrastructure", "AuthenticationApi.Infrastructure\AuthenticationApi.Infrastructure.csproj", "{02B95D3A-5AE0-49A2-B87C-1D24AE508414}"
EndProject
Project("{FAE04EC0-301F-11D3-BF4B-00C04F79EFBC}") = "AuthenticationApi.Presentation", "AuthenticationApi.Presentation\AuthenticationApi.Presentation.csproj", "{EA64DBB2-F2B2-4CBF-85C8-2640770DB1D1}"
EndProject
Project("{FAE04EC0-301F-11D3-BF4B-00C04F79EFBC}") = "eCommerce.SharedLibrary", "..\DemoECommerce.SharedLibrarySolution\eCommerce.SharedLibrary\eCommerce.SharedLibrary.csproj", "{037A0280-0D01-FF6F-6210-90E1ECB2528E}"
EndProject
Global
	GlobalSection(SolutionConfigurationPlatforms) = preSolution
		Debug|Any CPU = Debug|Any CPU
		Release|Any CPU = Release|Any CPU
	EndGlobalSection
	GlobalSection(ProjectConfigurationPlatforms) = postSolution
		{2A54389C-DC0F-4E19-A47D-9C1B48A4EC3F}.Debug|Any CPU.ActiveCfg = Debug|Any CPU
		{2A54389C-DC0F-4E19-A47D-9C1B48A4EC3F}.Debug|Any CPU.Build.0 = Debug|Any CPU
		{2A54389C-DC0F-4E19-A47D-9C1B48A4EC3F}.Release|Any CPU.ActiveCfg = Release|Any CPU
		{2A54389C-DC0F-4E19-A47D-9C1B48A4EC3F}.Release|Any CPU.Build.0 = Release|Any CPU
		{C9619122-4A28-4EB7-B8BC-9970E73729CC}.Debug|Any CPU.ActiveCfg = Debug|Any CPU
		{C9619122-4A28-4EB7-B8BC-9970E73729CC}.Debug|Any CPU.Build.0 = Debug|Any CPU
		{C9619122-4A28-4EB7-B8BC-9970E73729CC}.Release|Any CPU.ActiveCfg = Release|Any CPU
		{C9619122-4A28-4EB7-B8BC-9970E73729CC}.Release|Any CPU.Build.0 = Release|Any CPU
		{02B95D3A-5AE0-49A2-B87C-1D24AE508414}.Debug|Any CPU.ActiveCfg = Debug|Any CPU
		{02B95D3A-5AE0-49A2-B87C-1D24AE508414}.Debug|Any CPU.Build.0 = Debug|Any CPU
		{02B95D3A-5AE0-49A2-B87C-1D24AE508414}.Release|Any CPU.ActiveCfg = Release|Any CPU
		{02B95D3A-5AE0-49A2-B87C-1D24AE508414}.Release|Any CPU.Build.0 = Release|Any CPU
		{EA64DBB2-F2B2-4CBF-85C8-2640770DB1D1}.Debug|Any CPU.ActiveCfg = Debug|Any CPU
		{EA64DBB2-F2B2-4CBF-85C8-2640770DB1D1}.Debug|Any CPU.Build.0 = Debug|Any CPU
		{EA64DBB2-F2B2-4CBF-85C8-2640770DB1D1}.Release|Any CPU.ActiveCfg = Release|Any CPU
		{EA64DBB2-F2B2-4CBF-85C8-2640770DB1D1}.Release|Any CPU.Build.0 = Release|Any CPU
		{037A0280-0D01-FF6F-6210-90E1ECB2528E}.Debug|Any CPU.ActiveCfg = Debug|Any CPU
		{037A0280-0D01-FF6F-6210-90E1ECB2528E}.Debug|Any CPU.Build.0 = Debug|Any CPU
		{037A0280-0D01-FF6F-6210-90E1ECB2528E}.Release|Any CPU.ActiveCfg = Release|Any CPU
		{037A0280-0D01-FF6F-6210-90E1ECB2528E}.Release|Any CPU.Build.0 = Release|Any CPU
	EndGlobalSection
	GlobalSection(SolutionProperties) = preSolution
		HideSolutionNode = FALSE
	EndGlobalSection
	GlobalSection(ExtensibilityGlobals) = postSolution
		SolutionGuid = {91F49D43-9860-439B-9AE6-A29FEDDFB391}
	EndGlobalSection
EndGlobal
